
Microsoft Visual Studio Solution File, Format Version 12.00
# Visual Studio 2012
Project("{FAE04EC0-301F-11D3-BF4B-00C04F79EFBC}") = "ProjetDotNet", "ProjetDotNet\ProjetDotNet.csproj", "{35DDF469-787E-41C4-87FF-99D4B4C98DF6}"
EndProject
Project("{FAE04EC0-301F-11D3-BF4B-00C04F79EFBC}") = "ClientDotNet", "ClientDotNet\ClientDotNet.csproj", "{671C8011-1201-4790-98F2-8A987F8B1D11}"
EndProject
Global
	GlobalSection(SolutionConfigurationPlatforms) = preSolution
		Debug|Any CPU = Debug|Any CPU
		Release|Any CPU = Release|Any CPU
	EndGlobalSection
	GlobalSection(ProjectConfigurationPlatforms) = postSolution
		{35DDF469-787E-41C4-87FF-99D4B4C98DF6}.Debug|Any CPU.ActiveCfg = Debug|Any CPU
		{35DDF469-787E-41C4-87FF-99D4B4C98DF6}.Debug|Any CPU.Build.0 = Debug|Any CPU
		{35DDF469-787E-41C4-87FF-99D4B4C98DF6}.Release|Any CPU.ActiveCfg = Release|Any CPU
		{35DDF469-787E-41C4-87FF-99D4B4C98DF6}.Release|Any CPU.Build.0 = Release|Any CPU
		{671C8011-1201-4790-98F2-8A987F8B1D11}.Debug|Any CPU.ActiveCfg = Debug|Any CPU
		{671C8011-1201-4790-98F2-8A987F8B1D11}.Debug|Any CPU.Build.0 = Debug|Any CPU
		{671C8011-1201-4790-98F2-8A987F8B1D11}.Release|Any CPU.ActiveCfg = Release|Any CPU
		{671C8011-1201-4790-98F2-8A987F8B1D11}.Release|Any CPU.Build.0 = Release|Any CPU
	EndGlobalSection
EndGlobal
